
Microsoft Visual Studio Solution File, Format Version 12.00
# Visual Studio Version 17
VisualStudioVersion = 17.14.36408.4
MinimumVisualStudioVersion = 10.0.40219.1
Project("{8BC9CEB8-8B4A-11D0-8D11-00A0C91BC942}") = "BoatControlPanel", "BoatControlPanel.vcxproj", "{69BF9B87-5C12-FD9D-3BB7-0A7CD90CDEB6}"
EndProject
Project("{2150E333-8FDC-42A3-9474-1A3956D46DE8}") = "Docs", "Docs", "{02EA681E-C7D8-13C7-8484-4AC65E1B71E8}"
	ProjectSection(SolutionItems) = preProject
		docs\Commands.md = docs\Commands.md
		docs\ExternalUpdatePattern.md = docs\ExternalUpdatePattern.md
	EndProjectSection
EndProject
Global
	GlobalSection(SolutionConfigurationPlatforms) = preSolution
		Debug|ARM = Debug|ARM
		Debug|ARM64 = Debug|ARM64
		Release|ARM = Release|ARM
		Release|ARM64 = Release|ARM64
	EndGlobalSection
	GlobalSection(ProjectConfigurationPlatforms) = postSolution
		{69BF9B87-5C12-FD9D-3BB7-0A7CD90CDEB6}.Debug|ARM.ActiveCfg = Debug|ARM
		{69BF9B87-5C12-FD9D-3BB7-0A7CD90CDEB6}.Debug|ARM.Build.0 = Debug|ARM
		{69BF9B87-5C12-FD9D-3BB7-0A7CD90CDEB6}.Debug|ARM.Deploy.0 = Debug|ARM
		{69BF9B87-5C12-FD9D-3BB7-0A7CD90CDEB6}.Debug|ARM64.ActiveCfg = Debug|ARM64
		{69BF9B87-5C12-FD9D-3BB7-0A7CD90CDEB6}.Debug|ARM64.Build.0 = Debug|ARM64
		{69BF9B87-5C12-FD9D-3BB7-0A7CD90CDEB6}.Debug|ARM64.Deploy.0 = Debug|ARM64
		{69BF9B87-5C12-FD9D-3BB7-0A7CD90CDEB6}.Release|ARM.ActiveCfg = Release|ARM
		{69BF9B87-5C12-FD9D-3BB7-0A7CD90CDEB6}.Release|ARM.Build.0 = Release|ARM
		{69BF9B87-5C12-FD9D-3BB7-0A7CD90CDEB6}.Release|ARM.Deploy.0 = Release|ARM
		{69BF9B87-5C12-FD9D-3BB7-0A7CD90CDEB6}.Release|ARM64.ActiveCfg = Release|ARM64
		{69BF9B87-5C12-FD9D-3BB7-0A7CD90CDEB6}.Release|ARM64.Build.0 = Release|ARM64
		{69BF9B87-5C12-FD9D-3BB7-0A7CD90CDEB6}.Release|ARM64.Deploy.0 = Release|ARM64
	EndGlobalSection
	GlobalSection(SolutionProperties) = preSolution
		HideSolutionNode = FALSE
	EndGlobalSection
	GlobalSection(ExtensibilityGlobals) = postSolution
		SolutionGuid = {5591867E-E844-437E-BF79-419DC2FCA7CD}
	EndGlobalSection
EndGlobal
