<?xml version="1.0" encoding="utf-8"?>
<Project ToolsVersion="4.0" xmlns="http://schemas.microsoft.com/developer/msbuild/2003">
  <ItemGroup>
    <Filter Include="Source Files">
      <UniqueIdentifier>{4FC737F1-C7A5-4376-A066-2A32D752A2FF}</UniqueIdentifier>
      <Extensions>cpp;c;cc;cxx;def;odl;idl;hpj;bat;asm;asmx</Extensions>
    </Filter>
    <Filter Include="Header Files">
      <UniqueIdentifier>{93995380-89BD-4b04-88EB-625FBE52EBFB}</UniqueIdentifier>
      <Extensions>h;hh;hpp;hxx;hm;inl;inc;xsd</Extensions>
    </Filter>
    <Filter Include="Resource Files">
      <UniqueIdentifier>{67DA6AB6-F800-4c08-8B7A-83BB121AAD01}</UniqueIdentifier>
      <Extensions>rc;ico;cur;bmp;dlg;rc2;rct;bin;rgs;gif;jpg;jpeg;jpe;resx;tiff;tif;png;wav;mfcribbon-ms</Extensions>
    </Filter>
    <Filter Include="src">
      <UniqueIdentifier>{1566da2f-921a-45dd-a2bf-1618cd0abf7c}</UniqueIdentifier>
    </Filter>
    <Filter Include="src\_micro-api">
      <UniqueIdentifier>{485a5ce4-39df-480a-aa43-cf8cf79c3f3c}</UniqueIdentifier>
    </Filter>
    <Filter Include="src\_micro-api\libraries">
      <UniqueIdentifier>{ef3a8f70-2663-4a4c-9b15-ebcdcc0a944a}</UniqueIdentifier>
    </Filter>
  </ItemGroup>
  <ItemGroup>
    <ClCompile Include="fonts.h">
      <Filter>Header Files</Filter>
    </ClCompile>
    <ClCompile Include="HomeCommandHandler.h">
      <Filter>Header Files</Filter>
    </ClCompile>
    <ClCompile Include="HomePage.cpp">
      <Filter>Source Files</Filter>
    </ClCompile>
    <ClCompile Include="HomePage.h">
      <Filter>Header Files</Filter>
    </ClCompile>
    <ClCompile Include="TLVCompass.cpp">
      <Filter>Source Files</Filter>
    </ClCompile>
    <ClCompile Include="TLVCompass.h">
      <Filter>Header Files</Filter>
    </ClCompile>
    <ClCompile Include="BoatControlPanel.ino" />
    <ClCompile Include="ConfigManager.cpp">
      <Filter>Source Files</Filter>
    </ClCompile>
    <ClCompile Include="ConfigCommandHandler.cpp">
      <Filter>Source Files</Filter>
    </ClCompile>
    <ClCompile Include="AckCommandHandler.cpp">
      <Filter>Source Files</Filter>
    </ClCompile>
    <ClCompile Include="BaseBoatPage.cpp">
      <Filter>Source Files</Filter>
    </ClCompile>
    <ClCompile Include="WarningPage.cpp">
      <Filter>Source Files</Filter>
    </ClCompile>
    <ClCompile Include="WarningManager.cpp">
      <Filter>Source Files</Filter>
    </ClCompile>
  </ItemGroup>
  <ItemGroup>
    <ClInclude Include="__vm\.BoatControlPanel.vsarduino.h">
      <Filter>Header Files</Filter>
    </ClInclude>
    <ClInclude Include="ConfigManager.h">
      <Filter>Header Files</Filter>
    </ClInclude>
    <ClInclude Include="Config.h">
      <Filter>Header Files</Filter>
    </ClInclude>
    <ClInclude Include="ConfigCommandHandler.h">
      <Filter>Header Files</Filter>
    </ClInclude>
    <ClInclude Include="AckCommandHandler.h">
      <Filter>Header Files</Filter>
    </ClInclude>
    <ClInclude Include="BoatControlPanel\BaseBoatPage.h">
      <Filter>Header Files</Filter>
    </ClInclude>
    <ClInclude Include="WarningPage.h">
      <Filter>Header Files</Filter>
    </ClInclude>
    <ClInclude Include="WarningManager.h">
      <Filter>Header Files</Filter>
    </ClInclude>
  </ItemGroup>
  <ItemGroup>
    <None Include="Commands.md" />
    <None Include="docs\ExternalUpdatePattern.md" />
    <None Include="HEARTBEAT_IMPLEMENTATION.md" />
    <None Include="WARNING_SYSTEM_GUIDE.md" />
  </ItemGroup>
</Project>